// !$*UTF8*$!
{
	archiveVersion = 1;
	classes = {
	};
	objectVersion = 46;
	objects = {

/* Begin PBXBuildFile section */
		C6C351E7204428F200B21B40 /* AppDelegate.swift in Sources */ = {isa = PBXBuildFile; fileRef = C6C351E6204428F200B21B40 /* AppDelegate.swift */; };
		C6C351E9204428F200B21B40 /* ViewController.swift in Sources */ = {isa = PBXBuildFile; fileRef = C6C351E8204428F200B21B40 /* ViewController.swift */; };
		C6C351EC204428F300B21B40 /* Main.storyboard in Resources */ = {isa = PBXBuildFile; fileRef = C6C351EA204428F300B21B40 /* Main.storyboard */; };
		C6C351EE204428F300B21B40 /* Assets.xcassets in Resources */ = {isa = PBXBuildFile; fileRef = C6C351ED204428F300B21B40 /* Assets.xcassets */; };
		C6C351F1204428F300B21B40 /* LaunchScreen.storyboard in Resources */ = {isa = PBXBuildFile; fileRef = C6C351EF204428F300B21B40 /* LaunchScreen.storyboard */; };
		C6C351FC20442B5600B21B40 /* DetailViewController.swift in Sources */ = {isa = PBXBuildFile; fileRef = C6C351FB20442B5600B21B40 /* DetailViewController.swift */; };
		C6C351FF2044339900B21B40 /* Model.xcdatamodeld in Sources */ = {isa = PBXBuildFile; fileRef = C6C351FD2044339800B21B40 /* Model.xcdatamodeld */; };
/* End PBXBuildFile section */

/* Begin PBXFileReference section */
		C6C351E3204428F200B21B40 /* coredata.app */ = {isa = PBXFileReference; explicitFileType = wrapper.application; includeInIndex = 0; path = coredata.app; sourceTree = BUILT_PRODUCTS_DIR; };
		C6C351E6204428F200B21B40 /* AppDelegate.swift */ = {isa = PBXFileReference; lastKnownFileType = sourcecode.swift; path = AppDelegate.swift; sourceTree = "<group>"; };
		C6C351E8204428F200B21B40 /* ViewController.swift */ = {isa = PBXFileReference; lastKnownFileType = sourcecode.swift; path = ViewController.swift; sourceTree = "<group>"; };
		C6C351EB204428F300B21B40 /* Base */ = {isa = PBXFileReference; lastKnownFileType = file.storyboard; name = Base; path = Base.lproj/Main.storyboard; sourceTree = "<group>"; };
		C6C351ED204428F300B21B40 /* Assets.xcassets */ = {isa = PBXFileReference; lastKnownFileType = folder.assetcatalog; path = Assets.xcassets; sourceTree = "<group>"; };
		C6C351F0204428F300B21B40 /* Base */ = {isa = PBXFileReference; lastKnownFileType = file.storyboard; name = Base; path = Base.lproj/LaunchScreen.storyboard; sourceTree = "<group>"; };
		C6C351F2204428F300B21B40 /* Info.plist */ = {isa = PBXFileReference; lastKnownFileType = text.plist.xml; path = Info.plist; sourceTree = "<group>"; };
		C6C351FB20442B5600B21B40 /* DetailViewController.swift */ = {isa = PBXFileReference; fileEncoding = 4; lastKnownFileType = sourcecode.swift; path = DetailViewController.swift; sourceTree = "<group>"; };
		C6C351FE2044339900B21B40 /* Model.xcdatamodel */ = {isa = PBXFileReference; lastKnownFileType = wrapper.xcdatamodel; path = Model.xcdatamodel; sourceTree = "<group>"; };
/* End PBXFileReference section */

/* Begin PBXFrameworksBuildPhase section */
		C6C351E0204428F200B21B40 /* Frameworks */ = {
			isa = PBXFrameworksBuildPhase;
			buildActionMask = 2147483647;
			files = (
			);
			runOnlyForDeploymentPostprocessing = 0;
		};
/* End PBXFrameworksBuildPhase section */

/* Begin PBXGroup section */
		C6C351DA204428F200B21B40 = {
			isa = PBXGroup;
			children = (
				C6C351E5204428F200B21B40 /* coredata */,
				C6C351E4204428F200B21B40 /* Products */,
			);
			sourceTree = "<group>";
		};
		C6C351E4204428F200B21B40 /* Products */ = {
			isa = PBXGroup;
			children = (
				C6C351E3204428F200B21B40 /* coredata.app */,
			);
			name = Products;
			sourceTree = "<group>";
		};
		C6C351E5204428F200B21B40 /* coredata */ = {
			isa = PBXGroup;
			children = (
				C6C351E6204428F200B21B40 /* AppDelegate.swift */,
				C6C351E8204428F200B21B40 /* ViewController.swift */,
				C6C351FD2044339800B21B40 /* Model.xcdatamodeld */,
				C6C351EA204428F300B21B40 /* Main.storyboard */,
				C6C351FB20442B5600B21B40 /* DetailViewController.swift */,
				C6C351ED204428F300B21B40 /* Assets.xcassets */,
				C6C351EF204428F300B21B40 /* LaunchScreen.storyboard */,
				C6C351F2204428F300B21B40 /* Info.plist */,
			);
			path = coredata;
			sourceTree = "<group>";
		};
/* End PBXGroup section */

/* Begin PBXNativeTarget section */
		C6C351E2204428F200B21B40 /* coredata */ = {
			isa = PBXNativeTarget;
			buildConfigurationList = C6C351F5204428F300B21B40 /* Build configuration list for PBXNativeTarget "coredata" */;
			buildPhases = (
				C6C351DF204428F200B21B40 /* Sources */,
				C6C351E0204428F200B21B40 /* Frameworks */,
				C6C351E1204428F200B21B40 /* Resources */,
			);
			buildRules = (
			);
			dependencies = (
			);
			name = coredata;
			productName = coredata;
			productReference = C6C351E3204428F200B21B40 /* coredata.app */;
			productType = "com.apple.product-type.application";
		};
/* End PBXNativeTarget section */

/* Begin PBXProject section */
		C6C351DB204428F200B21B40 /* Project object */ = {
			isa = PBXProject;
			attributes = {
				LastSwiftUpdateCheck = 0830;
				LastUpgradeCheck = 0830;
				ORGANIZATIONNAME = mahmoud6;
				TargetAttributes = {
					C6C351E2204428F200B21B40 = {
						CreatedOnToolsVersion = 8.3.3;
						ProvisioningStyle = Automatic;
					};
				};
			};
			buildConfigurationList = C6C351DE204428F200B21B40 /* Build configuration list for PBXProject "coredata" */;
			compatibilityVersion = "Xcode 3.2";
			developmentRegion = English;
			hasScannedForEncodings = 0;
			knownRegions = (
				en,
				Base,
			);
			mainGroup = C6C351DA204428F200B21B40;
			productRefGroup = C6C351E4204428F200B21B40 /* Products */;
			projectDirPath = "";
			projectRoot = "";
			targets = (
				C6C351E2204428F200B21B40 /* coredata */,
			);
		};
/* End PBXProject section */

/* Begin PBXResourcesBuildPhase section */
		C6C351E1204428F200B21B40 /* Resources */ = {
			isa = PBXResourcesBuildPhase;
			buildActionMask = 2147483647;
			files = (
				C6C351F1204428F300B21B40 /* LaunchScreen.storyboard in Resources */,
				C6C351EE204428F300B21B40 /* Assets.xcassets in Resources */,
				C6C351EC204428F300B21B40 /* Main.storyboard in Resources */,
			);
			runOnlyForDeploymentPostprocessing = 0;
		};
/* End PBXResourcesBuildPhase section */

/* Begin PBXSourcesBuildPhase section */
		C6C351DF204428F200B21B40 /* Sources */ = {
			isa = PBXSourcesBuildPhase;
			buildActionMask = 2147483647;
			files = (
				C6C351E9204428F200B21B40 /* ViewController.swift in Sources */,
				C6C351E7204428F200B21B40 /* AppDelegate.swift in Sources */,
				C6C351FC20442B5600B21B40 /* DetailViewController.swift in Sources */,
				C6C351FF2044339900B21B40 /* Model.xcdatamodeld in Sources */,
			);
			runOnlyForDeploymentPostprocessing = 0;
		};
/* End PBXSourcesBuildPhase section */

/* Begin PBXVariantGroup section */
		C6C351EA204428F300B21B40 /* Main.storyboard */ = {
			isa = PBXVariantGroup;
			children = (
				C6C351EB204428F300B21B40 /* Base */,
			);
			name = Main.storyboard;
			sourceTree = "<group>";
		};
		C6C351EF204428F300B21B40 /* LaunchScreen.storyboard */ = {
			isa = PBXVariantGroup;
			children = (
				C6C351F0204428F300B21B40 /* Base */,
			);
			name = LaunchScreen.storyboard;
			sourceTree = "<group>";
		};
/* End PBXVariantGroup section */

/* Begin XCBuildConfiguration section */
		C6C351F3204428F300B21B40 /* Debug */ = {
			isa = XCBuildConfiguration;
			buildSettings = {
				ALWAYS_SEARCH_USER_PATHS = NO;
				CLANG_ANALYZER_NONNULL = YES;
				CLANG_ANALYZER_NUMBER_OBJECT_CONVERSION = YES_AGGRESSIVE;
				CLANG_CXX_LANGUAGE_STANDARD = "gnu++0x";
				CLANG_CXX_LIBRARY = "libc++";
				CLANG_ENABLE_MODULES = YES;
				CLANG_ENABLE_OBJC_ARC = YES;
				CLANG_WARN_BOOL_CONVERSION = YES;
				CLANG_WARN_CONSTANT_CONVERSION = YES;
				CLANG_WARN_DIRECT_OBJC_ISA_USAGE = YES_ERROR;
				CLANG_WARN_DOCUMENTATION_COMMENTS = YES;
				CLANG_WARN_EMPTY_BODY = YES;
				CLANG_WARN_ENUM_CONVERSION = YES;
				CLANG_WARN_INFINITE_RECURSION = YES;
				CLANG_WARN_INT_CONVERSION = YES;
				CLANG_WARN_OBJC_ROOT_CLASS = YES_ERROR;
				CLANG_WARN_SUSPICIOUS_MOVE = YES;
				CLANG_WARN_UNREACHABLE_CODE = YES;
				CLANG_WARN__DUPLICATE_METHOD_MATCH = YES;
				"CODE_SIGN_IDENTITY[sdk=iphoneos*]" = "iPhone Developer";
				COPY_PHASE_STRIP = NO;
				DEBUG_INFORMATION_FORMAT = dwarf;
				ENABLE_STRICT_OBJC_MSGSEND = YES;
				ENABLE_TESTABILITY = YES;
				GCC_C_LANGUAGE_STANDARD = gnu99;
				GCC_DYNAMIC_NO_PIC = NO;
				GCC_NO_COMMON_BLOCKS = YES;
				GCC_OPTIMIZATION_LEVEL = 0;
				GCC_PREPROCESSOR_DEFINITIONS = (
					"DEBUG=1",
					"$(inherited)",
				);
				GCC_WARN_64_TO_32_BIT_CONVERSION = YES;
				GCC_WARN_ABOUT_RETURN_TYPE = YES_ERROR;
				GCC_WARN_UNDECLARED_SELECTOR = YES;
				GCC_WARN_UNINITIALIZED_AUTOS = YES_AGGRESSIVE;
				GCC_WARN_UNUSED_FUNCTION = YES;
				GCC_WARN_UNUSED_VARIABLE = YES;
				IPHONEOS_DEPLOYMENT_TARGET = 10.3;
				MTL_ENABLE_DEBUG_INFO = YES;
				ONLY_ACTIVE_ARCH = YES;
				SDKROOT = iphoneos;
				SWIFT_ACTIVE_COMPILATION_CONDITIONS = DEBUG;
				SWIFT_OPTIMIZATION_LEVEL = "-Onone";
				TARGETED_DEVICE_FAMILY = "1,2";
			};
			name = Debug;
		};
		C6C351F4204428F300B21B40 /* Release */ = {
			isa = XCBuildConfiguration;
			buildSettings = {
				ALWAYS_SEARCH_USER_PATHS = NO;
				CLANG_ANALYZER_NONNULL = YES;
				CLANG_ANALYZER_NUMBER_OBJECT_CONVERSION = YES_AGGRESSIVE;
				CLANG_CXX_LANGUAGE_STANDARD = "gnu++0x";
				CLANG_CXX_LIBRARY = "libc++";
				CLANG_ENABLE_MODULES = YES;
				CLANG_ENABLE_OBJC_ARC = YES;
				CLANG_WARN_BOOL_CONVERSION = YES;
				CLANG_WARN_CONSTANT_CONVERSION = YES;
				CLANG_WARN_DIRECT_OBJC_ISA_USAGE = YES_ERROR;
				CLANG_WARN_DOCUMENTATION_COMMENTS = YES;
				CLANG_WARN_EMPTY_BODY = YES;
				CLANG_WARN_ENUM_CONVERSION = YES;
				CLANG_WARN_INFINITE_RECURSION = YES;
				CLANG_WARN_INT_CONVERSION = YES;
				CLANG_WARN_OBJC_ROOT_CLASS = YES_ERROR;
				CLANG_WARN_SUSPICIOUS_MOVE = YES;
				CLANG_WARN_UNREACHABLE_CODE = YES;
				CLANG_WARN__DUPLICATE_METHOD_MATCH = YES;
				"CODE_SIGN_IDENTITY[sdk=iphoneos*]" = "iPhone Developer";
				COPY_PHASE_STRIP = NO;
				DEBUG_INFORMATION_FORMAT = "dwarf-with-dsym";
				ENABLE_NS_ASSERTIONS = NO;
				ENABLE_STRICT_OBJC_MSGSEND = YES;
				GCC_C_LANGUAGE_STANDARD = gnu99;
				GCC_NO_COMMON_BLOCKS = YES;
				GCC_WARN_64_TO_32_BIT_CONVERSION = YES;
				GCC_WARN_ABOUT_RETURN_TYPE = YES_ERROR;
				GCC_WARN_UNDECLARED_SELECTOR = YES;
				GCC_WARN_UNINITIALIZED_AUTOS = YES_AGGRESSIVE;
				GCC_WARN_UNUSED_FUNCTION = YES;
				GCC_WARN_UNUSED_VARIABLE = YES;
				IPHONEOS_DEPLOYMENT_TARGET = 10.3;
				MTL_ENABLE_DEBUG_INFO = NO;
				SDKROOT = iphoneos;
				SWIFT_OPTIMIZATION_LEVEL = "-Owholemodule";
				TARGETED_DEVICE_FAMILY = "1,2";
				VALIDATE_PRODUCT = YES;
			};
			name = Release;
		};
		C6C351F6204428F300B21B40 /* Debug */ = {
			isa = XCBuildConfiguration;
			buildSettings = {
				ASSETCATALOG_COMPILER_APPICON_NAME = AppIcon;
				INFOPLIST_FILE = coredata/Info.plist;
				LD_RUNPATH_SEARCH_PATHS = "$(inherited) @executable_path/Frameworks";
				PRODUCT_BUNDLE_IDENTIFIER = orgme.coredata;
				PRODUCT_NAME = "$(TARGET_NAME)";
				SWIFT_VERSION = 3.0;
			};
			name = Debug;
		};
		C6C351F7204428F300B21B40 /* Release */ = {
			isa = XCBuildConfiguration;
			buildSettings = {
				ASSETCATALOG_COMPILER_APPICON_NAME = AppIcon;
				INFOPLIST_FILE = coredata/Info.plist;
				LD_RUNPATH_SEARCH_PATHS = "$(inherited) @executable_path/Frameworks";
				PRODUCT_BUNDLE_IDENTIFIER = orgme.coredata;
				PRODUCT_NAME = "$(TARGET_NAME)";
				SWIFT_VERSION = 3.0;
			};
			name = Release;
		};
/* End XCBuildConfiguration section */

/* Begin XCConfigurationList section */
		C6C351DE204428F200B21B40 /* Build configuration list for PBXProject "coredata" */ = {
			isa = XCConfigurationList;
			buildConfigurations = (
				C6C351F3204428F300B21B40 /* Debug */,
				C6C351F4204428F300B21B40 /* Release */,
			);
			defaultConfigurationIsVisible = 0;
			defaultConfigurationName = Release;
		};
		C6C351F5204428F300B21B40 /* Build configuration list for PBXNativeTarget "coredata" */ = {
			isa = XCConfigurationList;
			buildConfigurations = (
				C6C351F6204428F300B21B40 /* Debug */,
				C6C351F7204428F300B21B40 /* Release */,
			);
			defaultConfigurationIsVisible = 0;
		};
/* End XCConfigurationList section */

/* Begin XCVersionGroup section */
		C6C351FD2044339800B21B40 /* Model.xcdatamodeld */ = {
			isa = XCVersionGroup;
			children = (
				C6C351FE2044339900B21B40 /* Model.xcdatamodel */,
			);
			currentVersion = C6C351FE2044339900B21B40 /* Model.xcdatamodel */;
			path = Model.xcdatamodeld;
			sourceTree = "<group>";
			versionGroupType = wrapper.xcdatamodel;
		};
/* End XCVersionGroup section */
	};
	rootObject = C6C351DB204428F200B21B40 /* Project object */;
}
