// !$*UTF8*$!
{
	archiveVersion = 1;
	classes = {
	};
	objectVersion = 46;
	objects = {

/* Begin PBXBuildFile section */
		C6009933206A83A000058D00 /* AppDelegate.swift in Sources */ = {isa = PBXBuildFile; fileRef = C6009932206A83A000058D00 /* AppDelegate.swift */; };
		C6009935206A83A000058D00 /* ViewController.swift in Sources */ = {isa = PBXBuildFile; fileRef = C6009934206A83A000058D00 /* ViewController.swift */; };
		C6009938206A83A000058D00 /* Main.storyboard in Resources */ = {isa = PBXBuildFile; fileRef = C6009936206A83A000058D00 /* Main.storyboard */; };
		C600993A206A83A000058D00 /* Assets.xcassets in Resources */ = {isa = PBXBuildFile; fileRef = C6009939206A83A000058D00 /* Assets.xcassets */; };
		C600993D206A83A000058D00 /* LaunchScreen.storyboard in Resources */ = {isa = PBXBuildFile; fileRef = C600993B206A83A000058D00 /* LaunchScreen.storyboard */; };
		C6009946206A841200058D00 /* DataModel.xcdatamodeld in Sources */ = {isa = PBXBuildFile; fileRef = C6009944206A841200058D00 /* DataModel.xcdatamodeld */; };
		C6009951206A901000058D00 /* Commit+CoreDataClass.swift in Sources */ = {isa = PBXBuildFile; fileRef = C600994F206A901000058D00 /* Commit+CoreDataClass.swift */; };
		C6009952206A901000058D00 /* Commit+CoreDataProperties.swift in Sources */ = {isa = PBXBuildFile; fileRef = C6009950206A901000058D00 /* Commit+CoreDataProperties.swift */; };
		C6009954206A922200058D00 /* SwiftyJSON.swift in Sources */ = {isa = PBXBuildFile; fileRef = C6009953206A922200058D00 /* SwiftyJSON.swift */; };
		C6009957206AA9B400058D00 /* Author+CoreDataClass.swift in Sources */ = {isa = PBXBuildFile; fileRef = C6009955206AA9B400058D00 /* Author+CoreDataClass.swift */; };
		C6009958206AA9B500058D00 /* Author+CoreDataProperties.swift in Sources */ = {isa = PBXBuildFile; fileRef = C6009956206AA9B400058D00 /* Author+CoreDataProperties.swift */; };
/* End PBXBuildFile section */

/* Begin PBXFileReference section */
		C600992F206A839F00058D00 /* corData.app */ = {isa = PBXFileReference; explicitFileType = wrapper.application; includeInIndex = 0; path = corData.app; sourceTree = BUILT_PRODUCTS_DIR; };
		C6009932206A83A000058D00 /* AppDelegate.swift */ = {isa = PBXFileReference; lastKnownFileType = sourcecode.swift; path = AppDelegate.swift; sourceTree = "<group>"; };
		C6009934206A83A000058D00 /* ViewController.swift */ = {isa = PBXFileReference; lastKnownFileType = sourcecode.swift; path = ViewController.swift; sourceTree = "<group>"; };
		C6009937206A83A000058D00 /* Base */ = {isa = PBXFileReference; lastKnownFileType = file.storyboard; name = Base; path = Base.lproj/Main.storyboard; sourceTree = "<group>"; };
		C6009939206A83A000058D00 /* Assets.xcassets */ = {isa = PBXFileReference; lastKnownFileType = folder.assetcatalog; path = Assets.xcassets; sourceTree = "<group>"; };
		C600993C206A83A000058D00 /* Base */ = {isa = PBXFileReference; lastKnownFileType = file.storyboard; name = Base; path = Base.lproj/LaunchScreen.storyboard; sourceTree = "<group>"; };
		C600993E206A83A100058D00 /* Info.plist */ = {isa = PBXFileReference; lastKnownFileType = text.plist.xml; path = Info.plist; sourceTree = "<group>"; };
		C6009945206A841200058D00 /* DataModel.xcdatamodel */ = {isa = PBXFileReference; lastKnownFileType = wrapper.xcdatamodel; path = DataModel.xcdatamodel; sourceTree = "<group>"; };
		C600994F206A901000058D00 /* Commit+CoreDataClass.swift */ = {isa = PBXFileReference; fileEncoding = 4; lastKnownFileType = sourcecode.swift; path = "Commit+CoreDataClass.swift"; sourceTree = "<group>"; };
		C6009950206A901000058D00 /* Commit+CoreDataProperties.swift */ = {isa = PBXFileReference; fileEncoding = 4; lastKnownFileType = sourcecode.swift; path = "Commit+CoreDataProperties.swift"; sourceTree = "<group>"; };
		C6009953206A922200058D00 /* SwiftyJSON.swift */ = {isa = PBXFileReference; fileEncoding = 4; lastKnownFileType = sourcecode.swift; path = SwiftyJSON.swift; sourceTree = "<group>"; };
		C6009955206AA9B400058D00 /* Author+CoreDataClass.swift */ = {isa = PBXFileReference; fileEncoding = 4; lastKnownFileType = sourcecode.swift; path = "Author+CoreDataClass.swift"; sourceTree = "<group>"; };
		C6009956206AA9B400058D00 /* Author+CoreDataProperties.swift */ = {isa = PBXFileReference; fileEncoding = 4; lastKnownFileType = sourcecode.swift; path = "Author+CoreDataProperties.swift"; sourceTree = "<group>"; };
/* End PBXFileReference section */

/* Begin PBXFrameworksBuildPhase section */
		C600992C206A839E00058D00 /* Frameworks */ = {
			isa = PBXFrameworksBuildPhase;
			buildActionMask = 2147483647;
			files = (
			);
			runOnlyForDeploymentPostprocessing = 0;
		};
/* End PBXFrameworksBuildPhase section */

/* Begin PBXGroup section */
		C6009926206A839E00058D00 = {
			isa = PBXGroup;
			children = (
				C6009931206A839F00058D00 /* corData */,
				C6009930206A839F00058D00 /* Products */,
			);
			sourceTree = "<group>";
		};
		C6009930206A839F00058D00 /* Products */ = {
			isa = PBXGroup;
			children = (
				C600992F206A839F00058D00 /* corData.app */,
			);
			name = Products;
			sourceTree = "<group>";
		};
		C6009931206A839F00058D00 /* corData */ = {
			isa = PBXGroup;
			children = (
				C6009955206AA9B400058D00 /* Author+CoreDataClass.swift */,
				C6009956206AA9B400058D00 /* Author+CoreDataProperties.swift */,
				C600994F206A901000058D00 /* Commit+CoreDataClass.swift */,
				C6009950206A901000058D00 /* Commit+CoreDataProperties.swift */,
				C6009944206A841200058D00 /* DataModel.xcdatamodeld */,
				C6009932206A83A000058D00 /* AppDelegate.swift */,
				C6009934206A83A000058D00 /* ViewController.swift */,
				C6009953206A922200058D00 /* SwiftyJSON.swift */,
				C6009936206A83A000058D00 /* Main.storyboard */,
				C6009939206A83A000058D00 /* Assets.xcassets */,
				C600993B206A83A000058D00 /* LaunchScreen.storyboard */,
				C600993E206A83A100058D00 /* Info.plist */,
			);
			path = corData;
			sourceTree = "<group>";
		};
/* End PBXGroup section */

/* Begin PBXNativeTarget section */
		C600992E206A839E00058D00 /* corData */ = {
			isa = PBXNativeTarget;
			buildConfigurationList = C6009941206A83A100058D00 /* Build configuration list for PBXNativeTarget "corData" */;
			buildPhases = (
				C600992B206A839E00058D00 /* Sources */,
				C600992C206A839E00058D00 /* Frameworks */,
				C600992D206A839E00058D00 /* Resources */,
			);
			buildRules = (
			);
			dependencies = (
			);
			name = corData;
			productName = corData;
			productReference = C600992F206A839F00058D00 /* corData.app */;
			productType = "com.apple.product-type.application";
		};
/* End PBXNativeTarget section */

/* Begin PBXProject section */
		C6009927206A839E00058D00 /* Project object */ = {
			isa = PBXProject;
			attributes = {
				LastSwiftUpdateCheck = 0830;
				LastUpgradeCheck = 0830;
				ORGANIZATIONNAME = mahmoud6;
				TargetAttributes = {
					C600992E206A839E00058D00 = {
						CreatedOnToolsVersion = 8.3.3;
						ProvisioningStyle = Automatic;
					};
				};
			};
			buildConfigurationList = C600992A206A839E00058D00 /* Build configuration list for PBXProject "corData" */;
			compatibilityVersion = "Xcode 3.2";
			developmentRegion = English;
			hasScannedForEncodings = 0;
			knownRegions = (
				en,
				Base,
			);
			mainGroup = C6009926206A839E00058D00;
			productRefGroup = C6009930206A839F00058D00 /* Products */;
			projectDirPath = "";
			projectRoot = "";
			targets = (
				C600992E206A839E00058D00 /* corData */,
			);
		};
/* End PBXProject section */

/* Begin PBXResourcesBuildPhase section */
		C600992D206A839E00058D00 /* Resources */ = {
			isa = PBXResourcesBuildPhase;
			buildActionMask = 2147483647;
			files = (
				C600993D206A83A000058D00 /* LaunchScreen.storyboard in Resources */,
				C600993A206A83A000058D00 /* Assets.xcassets in Resources */,
				C6009938206A83A000058D00 /* Main.storyboard in Resources */,
			);
			runOnlyForDeploymentPostprocessing = 0;
		};
/* End PBXResourcesBuildPhase section */

/* Begin PBXSourcesBuildPhase section */
		C600992B206A839E00058D00 /* Sources */ = {
			isa = PBXSourcesBuildPhase;
			buildActionMask = 2147483647;
			files = (
				C6009958206AA9B500058D00 /* Author+CoreDataProperties.swift in Sources */,
				C6009952206A901000058D00 /* Commit+CoreDataProperties.swift in Sources */,
				C6009946206A841200058D00 /* DataModel.xcdatamodeld in Sources */,
				C6009935206A83A000058D00 /* ViewController.swift in Sources */,
				C6009954206A922200058D00 /* SwiftyJSON.swift in Sources */,
				C6009957206AA9B400058D00 /* Author+CoreDataClass.swift in Sources */,
				C6009951206A901000058D00 /* Commit+CoreDataClass.swift in Sources */,
				C6009933206A83A000058D00 /* AppDelegate.swift in Sources */,
			);
			runOnlyForDeploymentPostprocessing = 0;
		};
/* End PBXSourcesBuildPhase section */

/* Begin PBXVariantGroup section */
		C6009936206A83A000058D00 /* Main.storyboard */ = {
			isa = PBXVariantGroup;
			children = (
				C6009937206A83A000058D00 /* Base */,
			);
			name = Main.storyboard;
			sourceTree = "<group>";
		};
		C600993B206A83A000058D00 /* LaunchScreen.storyboard */ = {
			isa = PBXVariantGroup;
			children = (
				C600993C206A83A000058D00 /* Base */,
			);
			name = LaunchScreen.storyboard;
			sourceTree = "<group>";
		};
/* End PBXVariantGroup section */

/* Begin XCBuildConfiguration section */
		C600993F206A83A100058D00 /* Debug */ = {
			isa = XCBuildConfiguration;
			buildSettings = {
				ALWAYS_SEARCH_USER_PATHS = NO;
				CLANG_ANALYZER_NONNULL = YES;
				CLANG_ANALYZER_NUMBER_OBJECT_CONVERSION = YES_AGGRESSIVE;
				CLANG_CXX_LANGUAGE_STANDARD = "gnu++0x";
				CLANG_CXX_LIBRARY = "libc++";
				CLANG_ENABLE_MODULES = YES;
				CLANG_ENABLE_OBJC_ARC = YES;
				CLANG_WARN_BOOL_CONVERSION = YES;
				CLANG_WARN_CONSTANT_CONVERSION = YES;
				CLANG_WARN_DIRECT_OBJC_ISA_USAGE = YES_ERROR;
				CLANG_WARN_DOCUMENTATION_COMMENTS = YES;
				CLANG_WARN_EMPTY_BODY = YES;
				CLANG_WARN_ENUM_CONVERSION = YES;
				CLANG_WARN_INFINITE_RECURSION = YES;
				CLANG_WARN_INT_CONVERSION = YES;
				CLANG_WARN_OBJC_ROOT_CLASS = YES_ERROR;
				CLANG_WARN_SUSPICIOUS_MOVE = YES;
				CLANG_WARN_UNREACHABLE_CODE = YES;
				CLANG_WARN__DUPLICATE_METHOD_MATCH = YES;
				"CODE_SIGN_IDENTITY[sdk=iphoneos*]" = "iPhone Developer";
				COPY_PHASE_STRIP = NO;
				DEBUG_INFORMATION_FORMAT = dwarf;
				ENABLE_STRICT_OBJC_MSGSEND = YES;
				ENABLE_TESTABILITY = YES;
				GCC_C_LANGUAGE_STANDARD = gnu99;
				GCC_DYNAMIC_NO_PIC = NO;
				GCC_NO_COMMON_BLOCKS = YES;
				GCC_OPTIMIZATION_LEVEL = 0;
				GCC_PREPROCESSOR_DEFINITIONS = (
					"DEBUG=1",
					"$(inherited)",
				);
				GCC_WARN_64_TO_32_BIT_CONVERSION = YES;
				GCC_WARN_ABOUT_RETURN_TYPE = YES_ERROR;
				GCC_WARN_UNDECLARED_SELECTOR = YES;
				GCC_WARN_UNINITIALIZED_AUTOS = YES_AGGRESSIVE;
				GCC_WARN_UNUSED_FUNCTION = YES;
				GCC_WARN_UNUSED_VARIABLE = YES;
				IPHONEOS_DEPLOYMENT_TARGET = 10.3;
				MTL_ENABLE_DEBUG_INFO = YES;
				ONLY_ACTIVE_ARCH = YES;
				SDKROOT = iphoneos;
				SWIFT_ACTIVE_COMPILATION_CONDITIONS = DEBUG;
				SWIFT_OPTIMIZATION_LEVEL = "-Onone";
				TARGETED_DEVICE_FAMILY = "1,2";
			};
			name = Debug;
		};
		C6009940206A83A100058D00 /* Release */ = {
			isa = XCBuildConfiguration;
			buildSettings = {
				ALWAYS_SEARCH_USER_PATHS = NO;
				CLANG_ANALYZER_NONNULL = YES;
				CLANG_ANALYZER_NUMBER_OBJECT_CONVERSION = YES_AGGRESSIVE;
				CLANG_CXX_LANGUAGE_STANDARD = "gnu++0x";
				CLANG_CXX_LIBRARY = "libc++";
				CLANG_ENABLE_MODULES = YES;
				CLANG_ENABLE_OBJC_ARC = YES;
				CLANG_WARN_BOOL_CONVERSION = YES;
				CLANG_WARN_CONSTANT_CONVERSION = YES;
				CLANG_WARN_DIRECT_OBJC_ISA_USAGE = YES_ERROR;
				CLANG_WARN_DOCUMENTATION_COMMENTS = YES;
				CLANG_WARN_EMPTY_BODY = YES;
				CLANG_WARN_ENUM_CONVERSION = YES;
				CLANG_WARN_INFINITE_RECURSION = YES;
				CLANG_WARN_INT_CONVERSION = YES;
				CLANG_WARN_OBJC_ROOT_CLASS = YES_ERROR;
				CLANG_WARN_SUSPICIOUS_MOVE = YES;
				CLANG_WARN_UNREACHABLE_CODE = YES;
				CLANG_WARN__DUPLICATE_METHOD_MATCH = YES;
				"CODE_SIGN_IDENTITY[sdk=iphoneos*]" = "iPhone Developer";
				COPY_PHASE_STRIP = NO;
				DEBUG_INFORMATION_FORMAT = "dwarf-with-dsym";
				ENABLE_NS_ASSERTIONS = NO;
				ENABLE_STRICT_OBJC_MSGSEND = YES;
				GCC_C_LANGUAGE_STANDARD = gnu99;
				GCC_NO_COMMON_BLOCKS = YES;
				GCC_WARN_64_TO_32_BIT_CONVERSION = YES;
				GCC_WARN_ABOUT_RETURN_TYPE = YES_ERROR;
				GCC_WARN_UNDECLARED_SELECTOR = YES;
				GCC_WARN_UNINITIALIZED_AUTOS = YES_AGGRESSIVE;
				GCC_WARN_UNUSED_FUNCTION = YES;
				GCC_WARN_UNUSED_VARIABLE = YES;
				IPHONEOS_DEPLOYMENT_TARGET = 10.3;
				MTL_ENABLE_DEBUG_INFO = NO;
				SDKROOT = iphoneos;
				SWIFT_OPTIMIZATION_LEVEL = "-Owholemodule";
				TARGETED_DEVICE_FAMILY = "1,2";
				VALIDATE_PRODUCT = YES;
			};
			name = Release;
		};
		C6009942206A83A100058D00 /* Debug */ = {
			isa = XCBuildConfiguration;
			buildSettings = {
				ASSETCATALOG_COMPILER_APPICON_NAME = AppIcon;
				INFOPLIST_FILE = corData/Info.plist;
				LD_RUNPATH_SEARCH_PATHS = "$(inherited) @executable_path/Frameworks";
				PRODUCT_BUNDLE_IDENTIFIER = orgme.corData;
				PRODUCT_NAME = "$(TARGET_NAME)";
				SWIFT_VERSION = 3.0;
			};
			name = Debug;
		};
		C6009943206A83A100058D00 /* Release */ = {
			isa = XCBuildConfiguration;
			buildSettings = {
				ASSETCATALOG_COMPILER_APPICON_NAME = AppIcon;
				INFOPLIST_FILE = corData/Info.plist;
				LD_RUNPATH_SEARCH_PATHS = "$(inherited) @executable_path/Frameworks";
				PRODUCT_BUNDLE_IDENTIFIER = orgme.corData;
				PRODUCT_NAME = "$(TARGET_NAME)";
				SWIFT_VERSION = 3.0;
			};
			name = Release;
		};
/* End XCBuildConfiguration section */

/* Begin XCConfigurationList section */
		C600992A206A839E00058D00 /* Build configuration list for PBXProject "corData" */ = {
			isa = XCConfigurationList;
			buildConfigurations = (
				C600993F206A83A100058D00 /* Debug */,
				C6009940206A83A100058D00 /* Release */,
			);
			defaultConfigurationIsVisible = 0;
			defaultConfigurationName = Release;
		};
		C6009941206A83A100058D00 /* Build configuration list for PBXNativeTarget "corData" */ = {
			isa = XCConfigurationList;
			buildConfigurations = (
				C6009942206A83A100058D00 /* Debug */,
				C6009943206A83A100058D00 /* Release */,
			);
			defaultConfigurationIsVisible = 0;
		};
/* End XCConfigurationList section */

/* Begin XCVersionGroup section */
		C6009944206A841200058D00 /* DataModel.xcdatamodeld */ = {
			isa = XCVersionGroup;
			children = (
				C6009945206A841200058D00 /* DataModel.xcdatamodel */,
			);
			currentVersion = C6009945206A841200058D00 /* DataModel.xcdatamodel */;
			path = DataModel.xcdatamodeld;
			sourceTree = "<group>";
			versionGroupType = wrapper.xcdatamodel;
		};
/* End XCVersionGroup section */
	};
	rootObject = C6009927206A839E00058D00 /* Project object */;
}
